
Microsoft Visual Studio Solution File, Format Version 12.00
# Visual Studio Version 17
VisualStudioVersion = 17.14.36915.13 d17.14
MinimumVisualStudioVersion = 10.0.40219.1
Project("{FAE04EC0-301F-11D3-BF4B-00C04F79EFBC}") = "RemarkWebAPI", "RemarkWebAPI\RemarkWebAPI.csproj", "{CCC6D6CF-3E18-4D92-B0A2-747E941622C9}"
EndProject
Project("{FAE04EC0-301F-11D3-BF4B-00C04F79EFBC}") = "StudyWebAPI.Domain", "StudyWebAPI.Domain\StudyWebAPI.Domain.csproj", "{CF013C1C-54EF-4CB2-BFB3-C4D7641FD767}"
EndProject
Project("{FAE04EC0-301F-11D3-BF4B-00C04F79EFBC}") = "StudyWebAPI.Application", "StudyWebAPI.Application\StudyWebAPI.Application.csproj", "{B0F91110-52C5-4441-A0B2-000A4078C62A}"
EndProject
Project("{FAE04EC0-301F-11D3-BF4B-00C04F79EFBC}") = "StudyWebAPI.Infrastructure", "StudyWebAPI.Infrastructure\StudyWebAPI.Infrastructure.csproj", "{0090B737-774D-4941-92CE-67866D260587}"
EndProject
Global
	GlobalSection(SolutionConfigurationPlatforms) = preSolution
		Debug|Any CPU = Debug|Any CPU
		Release|Any CPU = Release|Any CPU
	EndGlobalSection
	GlobalSection(ProjectConfigurationPlatforms) = postSolution
		{CCC6D6CF-3E18-4D92-B0A2-747E941622C9}.Debug|Any CPU.ActiveCfg = Debug|Any CPU
		{CCC6D6CF-3E18-4D92-B0A2-747E941622C9}.Debug|Any CPU.Build.0 = Debug|Any CPU
		{CCC6D6CF-3E18-4D92-B0A2-747E941622C9}.Release|Any CPU.ActiveCfg = Release|Any CPU
		{CCC6D6CF-3E18-4D92-B0A2-747E941622C9}.Release|Any CPU.Build.0 = Release|Any CPU
		{CF013C1C-54EF-4CB2-BFB3-C4D7641FD767}.Debug|Any CPU.ActiveCfg = Debug|Any CPU
		{CF013C1C-54EF-4CB2-BFB3-C4D7641FD767}.Debug|Any CPU.Build.0 = Debug|Any CPU
		{CF013C1C-54EF-4CB2-BFB3-C4D7641FD767}.Release|Any CPU.ActiveCfg = Release|Any CPU
		{CF013C1C-54EF-4CB2-BFB3-C4D7641FD767}.Release|Any CPU.Build.0 = Release|Any CPU
		{B0F91110-52C5-4441-A0B2-000A4078C62A}.Debug|Any CPU.ActiveCfg = Debug|Any CPU
		{B0F91110-52C5-4441-A0B2-000A4078C62A}.Debug|Any CPU.Build.0 = Debug|Any CPU
		{B0F91110-52C5-4441-A0B2-000A4078C62A}.Release|Any CPU.ActiveCfg = Release|Any CPU
		{B0F91110-52C5-4441-A0B2-000A4078C62A}.Release|Any CPU.Build.0 = Release|Any CPU
		{0090B737-774D-4941-92CE-67866D260587}.Debug|Any CPU.ActiveCfg = Debug|Any CPU
		{0090B737-774D-4941-92CE-67866D260587}.Debug|Any CPU.Build.0 = Debug|Any CPU
		{0090B737-774D-4941-92CE-67866D260587}.Release|Any CPU.ActiveCfg = Release|Any CPU
		{0090B737-774D-4941-92CE-67866D260587}.Release|Any CPU.Build.0 = Release|Any CPU
	EndGlobalSection
	GlobalSection(SolutionProperties) = preSolution
		HideSolutionNode = FALSE
	EndGlobalSection
	GlobalSection(ExtensibilityGlobals) = postSolution
		SolutionGuid = {AB064371-9AA9-4F13-A15E-F07CBEDB9C40}
	EndGlobalSection
EndGlobal
